
Microsoft Visual Studio Solution File, Format Version 12.00
# Visual Studio Version 16
VisualStudioVersion = 16.0.30804.86
MinimumVisualStudioVersion = 10.0.40219.1
Project("{FAE04EC0-301F-11D3-BF4B-00C04F79EFBC}") = "SimpleBookLibrary", "SimpleBookLibrary.csproj", "{79AE4596-E5F3-4073-8377-BBC47A5000E3}"
EndProject
Global
	GlobalSection(SolutionConfigurationPlatforms) = preSolution
		Debug|Any CPU = Debug|Any CPU
		Release|Any CPU = Release|Any CPU
	EndGlobalSection
	GlobalSection(ProjectConfigurationPlatforms) = postSolution
		{79AE4596-E5F3-4073-8377-BBC47A5000E3}.Debug|Any CPU.ActiveCfg = Debug|Any CPU
		{79AE4596-E5F3-4073-8377-BBC47A5000E3}.Debug|Any CPU.Build.0 = Debug|Any CPU
		{79AE4596-E5F3-4073-8377-BBC47A5000E3}.Release|Any CPU.ActiveCfg = Release|Any CPU
		{79AE4596-E5F3-4073-8377-BBC47A5000E3}.Release|Any CPU.Build.0 = Release|Any CPU
	EndGlobalSection
	GlobalSection(SolutionProperties) = preSolution
		HideSolutionNode = FALSE
	EndGlobalSection
	GlobalSection(ExtensibilityGlobals) = postSolution
		SolutionGuid = {6394B1A7-A949-4FD8-99EA-509B940024B4}
	EndGlobalSection
EndGlobal
